{
  "meteor": {},
  "dependencies": {
    "basePackages": {
      "moment": {},
      "livestamp": {},
      "jquery-scrollTo": {}
    },
    "packages": {
      "moment": {
        "git": "https://github.com/acreeger/meteor-moment.git",
        "tag": "v2.6.0",
        "commit": "26156df681750fd6e6ed77043eef32b6653ebbdf"
      },
      "livestamp": {
        "git": "https://github.com/colllin/meteor-livestamp.git",
        "tag": "v1.1.2-3",
        "commit": "d161b9de53d7032511ecaa13486b6b5cb11f71f3"
      },
      "jquery-scrollTo": {
        "git": "https://github.com/nate-strauser/meteor-jquery.scrollTo.git",
        "tag": "v1.4.6",
        "commit": "ab6f05c43e2a54fc7711e5a2ff8daa45e5ff4322"
      }
    }
  }
}
